
Microsoft Visual Studio Solution File, Format Version 12.00
# Visual Studio 15
VisualStudioVersion = 15.0.28307.539
MinimumVisualStudioVersion = 10.0.40219.1
Project("{FAE04EC0-301F-11D3-BF4B-00C04F79EFBC}") = "MainAppA", "MainAppA\MainAppA.csproj", "{FC7135D6-0F3C-4D2C-8F83-7FFA752DCDFB}"
EndProject
Global
	GlobalSection(SolutionConfigurationPlatforms) = preSolution
		Debug|Any CPU = Debug|Any CPU
		Release|Any CPU = Release|Any CPU
	EndGlobalSection
	GlobalSection(ProjectConfigurationPlatforms) = postSolution
		{FC7135D6-0F3C-4D2C-8F83-7FFA752DCDFB}.Debug|Any CPU.ActiveCfg = Debug|Any CPU
		{FC7135D6-0F3C-4D2C-8F83-7FFA752DCDFB}.Debug|Any CPU.Build.0 = Debug|Any CPU
		{FC7135D6-0F3C-4D2C-8F83-7FFA752DCDFB}.Release|Any CPU.ActiveCfg = Release|Any CPU
		{FC7135D6-0F3C-4D2C-8F83-7FFA752DCDFB}.Release|Any CPU.Build.0 = Release|Any CPU
	EndGlobalSection
	GlobalSection(SolutionProperties) = preSolution
		HideSolutionNode = FALSE
	EndGlobalSection
	GlobalSection(ExtensibilityGlobals) = postSolution
		SolutionGuid = {E1522000-BCE5-4B1C-B554-158682EFAB2E}
	EndGlobalSection
EndGlobal
